// !$*UTF8*$!
{
	archiveVersion = 1;
	classes = {
	};
	objectVersion = 46;
	objects = {

/* Begin PBXBuildFile section */
		3F0801F61BC96F77006DBCFE /* Medicinali.m in Sources */ = {isa = PBXBuildFile; fileRef = 3F0801F51BC96F77006DBCFE /* Medicinali.m */; settings = {ASSET_TAGS = (); }; };
		3F797A591BC2BF0A00AB7A63 /* main.m in Sources */ = {isa = PBXBuildFile; fileRef = 3F797A581BC2BF0A00AB7A63 /* main.m */; };
		3F797A5C1BC2BF0A00AB7A63 /* AppDelegate.m in Sources */ = {isa = PBXBuildFile; fileRef = 3F797A5B1BC2BF0A00AB7A63 /* AppDelegate.m */; };
		3F797A651BC2BF0A00AB7A63 /* hommedicine_for_ipad.xcdatamodeld in Sources */ = {isa = PBXBuildFile; fileRef = 3F797A631BC2BF0A00AB7A63 /* hommedicine_for_ipad.xcdatamodeld */; };
		3F797A671BC2BF0A00AB7A63 /* Assets.xcassets in Resources */ = {isa = PBXBuildFile; fileRef = 3F797A661BC2BF0A00AB7A63 /* Assets.xcassets */; };
		3F797A6A1BC2BF0A00AB7A63 /* LaunchScreen.storyboard in Resources */ = {isa = PBXBuildFile; fileRef = 3F797A681BC2BF0A00AB7A63 /* LaunchScreen.storyboard */; };
		3F797A751BC2BF0A00AB7A63 /* hommedicine_for_ipadTests.m in Sources */ = {isa = PBXBuildFile; fileRef = 3F797A741BC2BF0A00AB7A63 /* hommedicine_for_ipadTests.m */; };
		3F797A801BC2BF0A00AB7A63 /* hommedicine_for_ipadUITests.m in Sources */ = {isa = PBXBuildFile; fileRef = 3F797A7F1BC2BF0A00AB7A63 /* hommedicine_for_ipadUITests.m */; };
		3F797A8E1BC2BFB700AB7A63 /* Main.storyboard in Resources */ = {isa = PBXBuildFile; fileRef = 3F797A8D1BC2BFB700AB7A63 /* Main.storyboard */; settings = {ASSET_TAGS = (); }; };
		3F8661341BC2DD400062000C /* DettaglioViewController.m in Sources */ = {isa = PBXBuildFile; fileRef = 3F8661331BC2DD400062000C /* DettaglioViewController.m */; settings = {ASSET_TAGS = (); }; };
		3F8661371BC2DDD40062000C /* hommedicineTableViewController.m in Sources */ = {isa = PBXBuildFile; fileRef = 3F8661361BC2DDD40062000C /* hommedicineTableViewController.m */; settings = {ASSET_TAGS = (); }; };
/* End PBXBuildFile section */

/* Begin PBXContainerItemProxy section */
		3F797A711BC2BF0A00AB7A63 /* PBXContainerItemProxy */ = {
			isa = PBXContainerItemProxy;
			containerPortal = 3F797A4C1BC2BF0A00AB7A63 /* Project object */;
			proxyType = 1;
			remoteGlobalIDString = 3F797A531BC2BF0A00AB7A63;
			remoteInfo = hommedicine_for_ipad;
		};
		3F797A7C1BC2BF0A00AB7A63 /* PBXContainerItemProxy */ = {
			isa = PBXContainerItemProxy;
			containerPortal = 3F797A4C1BC2BF0A00AB7A63 /* Project object */;
			proxyType = 1;
			remoteGlobalIDString = 3F797A531BC2BF0A00AB7A63;
			remoteInfo = hommedicine_for_ipad;
		};
/* End PBXContainerItemProxy section */

/* Begin PBXFileReference section */
		3F0801F41BC96F77006DBCFE /* Medicinali.h */ = {isa = PBXFileReference; fileEncoding = 4; lastKnownFileType = sourcecode.c.h; path = Medicinali.h; sourceTree = "<group>"; };
		3F0801F51BC96F77006DBCFE /* Medicinali.m */ = {isa = PBXFileReference; fileEncoding = 4; lastKnownFileType = sourcecode.c.objc; path = Medicinali.m; sourceTree = "<group>"; };
		3F797A541BC2BF0A00AB7A63 /* hommedicine_for_ipad.app */ = {isa = PBXFileReference; explicitFileType = wrapper.application; includeInIndex = 0; path = hommedicine_for_ipad.app; sourceTree = BUILT_PRODUCTS_DIR; };
		3F797A581BC2BF0A00AB7A63 /* main.m */ = {isa = PBXFileReference; lastKnownFileType = sourcecode.c.objc; path = main.m; sourceTree = "<group>"; };
		3F797A5A1BC2BF0A00AB7A63 /* AppDelegate.h */ = {isa = PBXFileReference; lastKnownFileType = sourcecode.c.h; path = AppDelegate.h; sourceTree = "<group>"; };
		3F797A5B1BC2BF0A00AB7A63 /* AppDelegate.m */ = {isa = PBXFileReference; lastKnownFileType = sourcecode.c.objc; path = AppDelegate.m; sourceTree = "<group>"; };
		3F797A641BC2BF0A00AB7A63 /* hommedicine_for_ipad.xcdatamodel */ = {isa = PBXFileReference; lastKnownFileType = wrapper.xcdatamodel; path = hommedicine_for_ipad.xcdatamodel; sourceTree = "<group>"; };
		3F797A661BC2BF0A00AB7A63 /* Assets.xcassets */ = {isa = PBXFileReference; lastKnownFileType = folder.assetcatalog; path = Assets.xcassets; sourceTree = "<group>"; };
		3F797A691BC2BF0A00AB7A63 /* Base */ = {isa = PBXFileReference; lastKnownFileType = file.storyboard; name = Base; path = Base.lproj/LaunchScreen.storyboard; sourceTree = "<group>"; };
		3F797A6B1BC2BF0A00AB7A63 /* Info.plist */ = {isa = PBXFileReference; lastKnownFileType = text.plist.xml; path = Info.plist; sourceTree = "<group>"; };
		3F797A701BC2BF0A00AB7A63 /* hommedicine_for_ipadTests.xctest */ = {isa = PBXFileReference; explicitFileType = wrapper.cfbundle; includeInIndex = 0; path = hommedicine_for_ipadTests.xctest; sourceTree = BUILT_PRODUCTS_DIR; };
		3F797A741BC2BF0A00AB7A63 /* hommedicine_for_ipadTests.m */ = {isa = PBXFileReference; lastKnownFileType = sourcecode.c.objc; path = hommedicine_for_ipadTests.m; sourceTree = "<group>"; };
		3F797A761BC2BF0A00AB7A63 /* Info.plist */ = {isa = PBXFileReference; lastKnownFileType = text.plist.xml; path = Info.plist; sourceTree = "<group>"; };
		3F797A7B1BC2BF0A00AB7A63 /* hommedicine_for_ipadUITests.xctest */ = {isa = PBXFileReference; explicitFileType = wrapper.cfbundle; includeInIndex = 0; path = hommedicine_for_ipadUITests.xctest; sourceTree = BUILT_PRODUCTS_DIR; };
		3F797A7F1BC2BF0A00AB7A63 /* hommedicine_for_ipadUITests.m */ = {isa = PBXFileReference; lastKnownFileType = sourcecode.c.objc; path = hommedicine_for_ipadUITests.m; sourceTree = "<group>"; };
		3F797A811BC2BF0A00AB7A63 /* Info.plist */ = {isa = PBXFileReference; lastKnownFileType = text.plist.xml; path = Info.plist; sourceTree = "<group>"; };
		3F797A8D1BC2BFB700AB7A63 /* Main.storyboard */ = {isa = PBXFileReference; fileEncoding = 4; lastKnownFileType = file.storyboard; path = Main.storyboard; sourceTree = "<group>"; };
		3F8661321BC2DD400062000C /* DettaglioViewController.h */ = {isa = PBXFileReference; fileEncoding = 4; lastKnownFileType = sourcecode.c.h; path = DettaglioViewController.h; sourceTree = "<group>"; };
		3F8661331BC2DD400062000C /* DettaglioViewController.m */ = {isa = PBXFileReference; fileEncoding = 4; lastKnownFileType = sourcecode.c.objc; path = DettaglioViewController.m; sourceTree = "<group>"; };
		3F8661351BC2DDD40062000C /* hommedicineTableViewController.h */ = {isa = PBXFileReference; fileEncoding = 4; lastKnownFileType = sourcecode.c.h; path = hommedicineTableViewController.h; sourceTree = "<group>"; };
		3F8661361BC2DDD40062000C /* hommedicineTableViewController.m */ = {isa = PBXFileReference; fileEncoding = 4; lastKnownFileType = sourcecode.c.objc; path = hommedicineTableViewController.m; sourceTree = "<group>"; };
/* End PBXFileReference section */

/* Begin PBXFrameworksBuildPhase section */
		3F797A511BC2BF0A00AB7A63 /* Frameworks */ = {
			isa = PBXFrameworksBuildPhase;
			buildActionMask = 2147483647;
			files = (
			);
			runOnlyForDeploymentPostprocessing = 0;
		};
		3F797A6D1BC2BF0A00AB7A63 /* Frameworks */ = {
			isa = PBXFrameworksBuildPhase;
			buildActionMask = 2147483647;
			files = (
			);
			runOnlyForDeploymentPostprocessing = 0;
		};
		3F797A781BC2BF0A00AB7A63 /* Frameworks */ = {
			isa = PBXFrameworksBuildPhase;
			buildActionMask = 2147483647;
			files = (
			);
			runOnlyForDeploymentPostprocessing = 0;
		};
/* End PBXFrameworksBuildPhase section */

/* Begin PBXGroup section */
		3F797A4B1BC2BF0A00AB7A63 = {
			isa = PBXGroup;
			children = (
				3F797A561BC2BF0A00AB7A63 /* hommedicine_for_ipad */,
				3F797A731BC2BF0A00AB7A63 /* hommedicine_for_ipadTests */,
				3F797A7E1BC2BF0A00AB7A63 /* hommedicine_for_ipadUITests */,
				3F797A551BC2BF0A00AB7A63 /* Products */,
			);
			sourceTree = "<group>";
		};
		3F797A551BC2BF0A00AB7A63 /* Products */ = {
			isa = PBXGroup;
			children = (
				3F797A541BC2BF0A00AB7A63 /* hommedicine_for_ipad.app */,
				3F797A701BC2BF0A00AB7A63 /* hommedicine_for_ipadTests.xctest */,
				3F797A7B1BC2BF0A00AB7A63 /* hommedicine_for_ipadUITests.xctest */,
			);
			name = Products;
			sourceTree = "<group>";
		};
		3F797A561BC2BF0A00AB7A63 /* hommedicine_for_ipad */ = {
			isa = PBXGroup;
			children = (
				3F797A5A1BC2BF0A00AB7A63 /* AppDelegate.h */,
				3F797A5B1BC2BF0A00AB7A63 /* AppDelegate.m */,
				3F797A661BC2BF0A00AB7A63 /* Assets.xcassets */,
				3F797A681BC2BF0A00AB7A63 /* LaunchScreen.storyboard */,
				3F797A6B1BC2BF0A00AB7A63 /* Info.plist */,
				3F797A631BC2BF0A00AB7A63 /* hommedicine_for_ipad.xcdatamodeld */,
				3F797A571BC2BF0A00AB7A63 /* Supporting Files */,
				3F797A8D1BC2BFB700AB7A63 /* Main.storyboard */,
				3F8661321BC2DD400062000C /* DettaglioViewController.h */,
				3F8661331BC2DD400062000C /* DettaglioViewController.m */,
				3F8661351BC2DDD40062000C /* hommedicineTableViewController.h */,
				3F8661361BC2DDD40062000C /* hommedicineTableViewController.m */,
				3F0801F41BC96F77006DBCFE /* Medicinali.h */,
				3F0801F51BC96F77006DBCFE /* Medicinali.m */,
			);
			path = hommedicine_for_ipad;
			sourceTree = "<group>";
		};
		3F797A571BC2BF0A00AB7A63 /* Supporting Files */ = {
			isa = PBXGroup;
			children = (
				3F797A581BC2BF0A00AB7A63 /* main.m */,
			);
			name = "Supporting Files";
			sourceTree = "<group>";
		};
		3F797A731BC2BF0A00AB7A63 /* hommedicine_for_ipadTests */ = {
			isa = PBXGroup;
			children = (
				3F797A741BC2BF0A00AB7A63 /* hommedicine_for_ipadTests.m */,
				3F797A761BC2BF0A00AB7A63 /* Info.plist */,
			);
			path = hommedicine_for_ipadTests;
			sourceTree = "<group>";
		};
		3F797A7E1BC2BF0A00AB7A63 /* hommedicine_for_ipadUITests */ = {
			isa = PBXGroup;
			children = (
				3F797A7F1BC2BF0A00AB7A63 /* hommedicine_for_ipadUITests.m */,
				3F797A811BC2BF0A00AB7A63 /* Info.plist */,
			);
			path = hommedicine_for_ipadUITests;
			sourceTree = "<group>";
		};
/* End PBXGroup section */

/* Begin PBXNativeTarget section */
		3F797A531BC2BF0A00AB7A63 /* hommedicine_for_ipad */ = {
			isa = PBXNativeTarget;
			buildConfigurationList = 3F797A841BC2BF0A00AB7A63 /* Build configuration list for PBXNativeTarget "hommedicine_for_ipad" */;
			buildPhases = (
				3F797A501BC2BF0A00AB7A63 /* Sources */,
				3F797A511BC2BF0A00AB7A63 /* Frameworks */,
				3F797A521BC2BF0A00AB7A63 /* Resources */,
			);
			buildRules = (
			);
			dependencies = (
			);
			name = hommedicine_for_ipad;
			productName = hommedicine_for_ipad;
			productReference = 3F797A541BC2BF0A00AB7A63 /* hommedicine_for_ipad.app */;
			productType = "com.apple.product-type.application";
		};
		3F797A6F1BC2BF0A00AB7A63 /* hommedicine_for_ipadTests */ = {
			isa = PBXNativeTarget;
			buildConfigurationList = 3F797A871BC2BF0A00AB7A63 /* Build configuration list for PBXNativeTarget "hommedicine_for_ipadTests" */;
			buildPhases = (
				3F797A6C1BC2BF0A00AB7A63 /* Sources */,
				3F797A6D1BC2BF0A00AB7A63 /* Frameworks */,
				3F797A6E1BC2BF0A00AB7A63 /* Resources */,
			);
			buildRules = (
			);
			dependencies = (
				3F797A721BC2BF0A00AB7A63 /* PBXTargetDependency */,
			);
			name = hommedicine_for_ipadTests;
			productName = hommedicine_for_ipadTests;
			productReference = 3F797A701BC2BF0A00AB7A63 /* hommedicine_for_ipadTests.xctest */;
			productType = "com.apple.product-type.bundle.unit-test";
		};
		3F797A7A1BC2BF0A00AB7A63 /* hommedicine_for_ipadUITests */ = {
			isa = PBXNativeTarget;
			buildConfigurationList = 3F797A8A1BC2BF0A00AB7A63 /* Build configuration list for PBXNativeTarget "hommedicine_for_ipadUITests" */;
			buildPhases = (
				3F797A771BC2BF0A00AB7A63 /* Sources */,
				3F797A781BC2BF0A00AB7A63 /* Frameworks */,
				3F797A791BC2BF0A00AB7A63 /* Resources */,
			);
			buildRules = (
			);
			dependencies = (
				3F797A7D1BC2BF0A00AB7A63 /* PBXTargetDependency */,
			);
			name = hommedicine_for_ipadUITests;
			productName = hommedicine_for_ipadUITests;
			productReference = 3F797A7B1BC2BF0A00AB7A63 /* hommedicine_for_ipadUITests.xctest */;
			productType = "com.apple.product-type.bundle.ui-testing";
		};
/* End PBXNativeTarget section */

/* Begin PBXProject section */
		3F797A4C1BC2BF0A00AB7A63 /* Project object */ = {
			isa = PBXProject;
			attributes = {
				LastUpgradeCheck = 0700;
				ORGANIZATIONNAME = "Barbara Mancuso";
				TargetAttributes = {
					3F797A531BC2BF0A00AB7A63 = {
						CreatedOnToolsVersion = 7.0;
					};
					3F797A6F1BC2BF0A00AB7A63 = {
						CreatedOnToolsVersion = 7.0;
						TestTargetID = 3F797A531BC2BF0A00AB7A63;
					};
					3F797A7A1BC2BF0A00AB7A63 = {
						CreatedOnToolsVersion = 7.0;
						TestTargetID = 3F797A531BC2BF0A00AB7A63;
					};
				};
			};
			buildConfigurationList = 3F797A4F1BC2BF0A00AB7A63 /* Build configuration list for PBXProject "hommedicine_for_ipad" */;
			compatibilityVersion = "Xcode 3.2";
			developmentRegion = English;
			hasScannedForEncodings = 0;
			knownRegions = (
				en,
				Base,
			);
			mainGroup = 3F797A4B1BC2BF0A00AB7A63;
			productRefGroup = 3F797A551BC2BF0A00AB7A63 /* Products */;
			projectDirPath = "";
			projectRoot = "";
			targets = (
				3F797A531BC2BF0A00AB7A63 /* hommedicine_for_ipad */,
				3F797A6F1BC2BF0A00AB7A63 /* hommedicine_for_ipadTests */,
				3F797A7A1BC2BF0A00AB7A63 /* hommedicine_for_ipadUITests */,
			);
		};
/* End PBXProject section */

/* Begin PBXResourcesBuildPhase section */
		3F797A521BC2BF0A00AB7A63 /* Resources */ = {
			isa = PBXResourcesBuildPhase;
			buildActionMask = 2147483647;
			files = (
				3F797A8E1BC2BFB700AB7A63 /* Main.storyboard in Resources */,
				3F797A6A1BC2BF0A00AB7A63 /* LaunchScreen.storyboard in Resources */,
				3F797A671BC2BF0A00AB7A63 /* Assets.xcassets in Resources */,
			);
			runOnlyForDeploymentPostprocessing = 0;
		};
		3F797A6E1BC2BF0A00AB7A63 /* Resources */ = {
			isa = PBXResourcesBuildPhase;
			buildActionMask = 2147483647;
			files = (
			);
			runOnlyForDeploymentPostprocessing = 0;
		};
		3F797A791BC2BF0A00AB7A63 /* Resources */ = {
			isa = PBXResourcesBuildPhase;
			buildActionMask = 2147483647;
			files = (
			);
			runOnlyForDeploymentPostprocessing = 0;
		};
/* End PBXResourcesBuildPhase section */

/* Begin PBXSourcesBuildPhase section */
		3F797A501BC2BF0A00AB7A63 /* Sources */ = {
			isa = PBXSourcesBuildPhase;
			buildActionMask = 2147483647;
			files = (
				3F8661341BC2DD400062000C /* DettaglioViewController.m in Sources */,
				3F797A5C1BC2BF0A00AB7A63 /* AppDelegate.m in Sources */,
				3F0801F61BC96F77006DBCFE /* Medicinali.m in Sources */,
				3F797A651BC2BF0A00AB7A63 /* hommedicine_for_ipad.xcdatamodeld in Sources */,
				3F8661371BC2DDD40062000C /* hommedicineTableViewController.m in Sources */,
				3F797A591BC2BF0A00AB7A63 /* main.m in Sources */,
			);
			runOnlyForDeploymentPostprocessing = 0;
		};
		3F797A6C1BC2BF0A00AB7A63 /* Sources */ = {
			isa = PBXSourcesBuildPhase;
			buildActionMask = 2147483647;
			files = (
				3F797A751BC2BF0A00AB7A63 /* hommedicine_for_ipadTests.m in Sources */,
			);
			runOnlyForDeploymentPostprocessing = 0;
		};
		3F797A771BC2BF0A00AB7A63 /* Sources */ = {
			isa = PBXSourcesBuildPhase;
			buildActionMask = 2147483647;
			files = (
				3F797A801BC2BF0A00AB7A63 /* hommedicine_for_ipadUITests.m in Sources */,
			);
			runOnlyForDeploymentPostprocessing = 0;
		};
/* End PBXSourcesBuildPhase section */

/* Begin PBXTargetDependency section */
		3F797A721BC2BF0A00AB7A63 /* PBXTargetDependency */ = {
			isa = PBXTargetDependency;
			target = 3F797A531BC2BF0A00AB7A63 /* hommedicine_for_ipad */;
			targetProxy = 3F797A711BC2BF0A00AB7A63 /* PBXContainerItemProxy */;
		};
		3F797A7D1BC2BF0A00AB7A63 /* PBXTargetDependency */ = {
			isa = PBXTargetDependency;
			target = 3F797A531BC2BF0A00AB7A63 /* hommedicine_for_ipad */;
			targetProxy = 3F797A7C1BC2BF0A00AB7A63 /* PBXContainerItemProxy */;
		};
/* End PBXTargetDependency section */

/* Begin PBXVariantGroup section */
		3F797A681BC2BF0A00AB7A63 /* LaunchScreen.storyboard */ = {
			isa = PBXVariantGroup;
			children = (
				3F797A691BC2BF0A00AB7A63 /* Base */,
			);
			name = LaunchScreen.storyboard;
			sourceTree = "<group>";
		};
/* End PBXVariantGroup section */

/* Begin XCBuildConfiguration section */
		3F797A821BC2BF0A00AB7A63 /* Debug */ = {
			isa = XCBuildConfiguration;
			buildSettings = {
				ALWAYS_SEARCH_USER_PATHS = NO;
				CLANG_CXX_LANGUAGE_STANDARD = "gnu++0x";
				CLANG_CXX_LIBRARY = "libc++";
				CLANG_ENABLE_MODULES = YES;
				CLANG_ENABLE_OBJC_ARC = YES;
				CLANG_WARN_BOOL_CONVERSION = YES;
				CLANG_WARN_CONSTANT_CONVERSION = YES;
				CLANG_WARN_DIRECT_OBJC_ISA_USAGE = YES_ERROR;
				CLANG_WARN_EMPTY_BODY = YES;
				CLANG_WARN_ENUM_CONVERSION = YES;
				CLANG_WARN_INT_CONVERSION = YES;
				CLANG_WARN_OBJC_ROOT_CLASS = YES_ERROR;
				CLANG_WARN_UNREACHABLE_CODE = YES;
				CLANG_WARN__DUPLICATE_METHOD_MATCH = YES;
				"CODE_SIGN_IDENTITY[sdk=iphoneos*]" = "iPhone Developer";
				COPY_PHASE_STRIP = NO;
				DEBUG_INFORMATION_FORMAT = dwarf;
				ENABLE_STRICT_OBJC_MSGSEND = YES;
				ENABLE_TESTABILITY = YES;
				GCC_C_LANGUAGE_STANDARD = gnu99;
				GCC_DYNAMIC_NO_PIC = NO;
				GCC_NO_COMMON_BLOCKS = YES;
				GCC_OPTIMIZATION_LEVEL = 0;
				GCC_PREPROCESSOR_DEFINITIONS = (
					"DEBUG=1",
					"$(inherited)",
				);
				GCC_WARN_64_TO_32_BIT_CONVERSION = YES;
				GCC_WARN_ABOUT_RETURN_TYPE = YES_ERROR;
				GCC_WARN_UNDECLARED_SELECTOR = YES;
				GCC_WARN_UNINITIALIZED_AUTOS = YES_AGGRESSIVE;
				GCC_WARN_UNUSED_FUNCTION = YES;
				GCC_WARN_UNUSED_VARIABLE = YES;
				IPHONEOS_DEPLOYMENT_TARGET = 9.0;
				MTL_ENABLE_DEBUG_INFO = YES;
				ONLY_ACTIVE_ARCH = YES;
				SDKROOT = iphoneos;
				TARGETED_DEVICE_FAMILY = 2;
			};
			name = Debug;
		};
		3F797A831BC2BF0A00AB7A63 /* Release */ = {
			isa = XCBuildConfiguration;
			buildSettings = {
				ALWAYS_SEARCH_USER_PATHS = NO;
				CLANG_CXX_LANGUAGE_STANDARD = "gnu++0x";
				CLANG_CXX_LIBRARY = "libc++";
				CLANG_ENABLE_MODULES = YES;
				CLANG_ENABLE_OBJC_ARC = YES;
				CLANG_WARN_BOOL_CONVERSION = YES;
				CLANG_WARN_CONSTANT_CONVERSION = YES;
				CLANG_WARN_DIRECT_OBJC_ISA_USAGE = YES_ERROR;
				CLANG_WARN_EMPTY_BODY = YES;
				CLANG_WARN_ENUM_CONVERSION = YES;
				CLANG_WARN_INT_CONVERSION = YES;
				CLANG_WARN_OBJC_ROOT_CLASS = YES_ERROR;
				CLANG_WARN_UNREACHABLE_CODE = YES;
				CLANG_WARN__DUPLICATE_METHOD_MATCH = YES;
				"CODE_SIGN_IDENTITY[sdk=iphoneos*]" = "iPhone Developer";
				COPY_PHASE_STRIP = NO;
				DEBUG_INFORMATION_FORMAT = "dwarf-with-dsym";
				ENABLE_NS_ASSERTIONS = NO;
				ENABLE_STRICT_OBJC_MSGSEND = YES;
				GCC_C_LANGUAGE_STANDARD = gnu99;
				GCC_NO_COMMON_BLOCKS = YES;
				GCC_WARN_64_TO_32_BIT_CONVERSION = YES;
				GCC_WARN_ABOUT_RETURN_TYPE = YES_ERROR;
				GCC_WARN_UNDECLARED_SELECTOR = YES;
				GCC_WARN_UNINITIALIZED_AUTOS = YES_AGGRESSIVE;
				GCC_WARN_UNUSED_FUNCTION = YES;
				GCC_WARN_UNUSED_VARIABLE = YES;
				IPHONEOS_DEPLOYMENT_TARGET = 9.0;
				MTL_ENABLE_DEBUG_INFO = NO;
				SDKROOT = iphoneos;
				TARGETED_DEVICE_FAMILY = 2;
				VALIDATE_PRODUCT = YES;
			};
			name = Release;
		};
		3F797A851BC2BF0A00AB7A63 /* Debug */ = {
			isa = XCBuildConfiguration;
			buildSettings = {
				ASSETCATALOG_COMPILER_APPICON_NAME = AppIcon;
				INFOPLIST_FILE = hommedicine_for_ipad/Info.plist;
				LD_RUNPATH_SEARCH_PATHS = "$(inherited) @executable_path/Frameworks";
				PRODUCT_BUNDLE_IDENTIFIER = "com.DF95TQ38T7.ictotum.hommedicine-for-ipad";
				PRODUCT_NAME = "$(TARGET_NAME)";
			};
			name = Debug;
		};
		3F797A861BC2BF0A00AB7A63 /* Release */ = {
			isa = XCBuildConfiguration;
			buildSettings = {
				ASSETCATALOG_COMPILER_APPICON_NAME = AppIcon;
				INFOPLIST_FILE = hommedicine_for_ipad/Info.plist;
				LD_RUNPATH_SEARCH_PATHS = "$(inherited) @executable_path/Frameworks";
				PRODUCT_BUNDLE_IDENTIFIER = "com.DF95TQ38T7.ictotum.hommedicine-for-ipad";
				PRODUCT_NAME = "$(TARGET_NAME)";
			};
			name = Release;
		};
		3F797A881BC2BF0A00AB7A63 /* Debug */ = {
			isa = XCBuildConfiguration;
			buildSettings = {
				BUNDLE_LOADER = "$(TEST_HOST)";
				INFOPLIST_FILE = hommedicine_for_ipadTests/Info.plist;
				LD_RUNPATH_SEARCH_PATHS = "$(inherited) @executable_path/Frameworks @loader_path/Frameworks";
				PRODUCT_BUNDLE_IDENTIFIER = "com.DF95TQ38T7.ictotum.hommedicine-for-ipadTests";
				PRODUCT_NAME = "$(TARGET_NAME)";
				TEST_HOST = "$(BUILT_PRODUCTS_DIR)/hommedicine_for_ipad.app/hommedicine_for_ipad";
			};
			name = Debug;
		};
		3F797A891BC2BF0A00AB7A63 /* Release */ = {
			isa = XCBuildConfiguration;
			buildSettings = {
				BUNDLE_LOADER = "$(TEST_HOST)";
				INFOPLIST_FILE = hommedicine_for_ipadTests/Info.plist;
				LD_RUNPATH_SEARCH_PATHS = "$(inherited) @executable_path/Frameworks @loader_path/Frameworks";
				PRODUCT_BUNDLE_IDENTIFIER = "com.DF95TQ38T7.ictotum.hommedicine-for-ipadTests";
				PRODUCT_NAME = "$(TARGET_NAME)";
				TEST_HOST = "$(BUILT_PRODUCTS_DIR)/hommedicine_for_ipad.app/hommedicine_for_ipad";
			};
			name = Release;
		};
		3F797A8B1BC2BF0A00AB7A63 /* Debug */ = {
			isa = XCBuildConfiguration;
			buildSettings = {
				INFOPLIST_FILE = hommedicine_for_ipadUITests/Info.plist;
				LD_RUNPATH_SEARCH_PATHS = "$(inherited) @executable_path/Frameworks @loader_path/Frameworks";
				PRODUCT_BUNDLE_IDENTIFIER = "com.DF95TQ38T7.ictotum.hommedicine-for-ipadUITests";
				PRODUCT_NAME = "$(TARGET_NAME)";
				TEST_TARGET_NAME = hommedicine_for_ipad;
				USES_XCTRUNNER = YES;
			};
			name = Debug;
		};
		3F797A8C1BC2BF0A00AB7A63 /* Release */ = {
			isa = XCBuildConfiguration;
			buildSettings = {
				INFOPLIST_FILE = hommedicine_for_ipadUITests/Info.plist;
				LD_RUNPATH_SEARCH_PATHS = "$(inherited) @executable_path/Frameworks @loader_path/Frameworks";
				PRODUCT_BUNDLE_IDENTIFIER = "com.DF95TQ38T7.ictotum.hommedicine-for-ipadUITests";
				PRODUCT_NAME = "$(TARGET_NAME)";
				TEST_TARGET_NAME = hommedicine_for_ipad;
				USES_XCTRUNNER = YES;
			};
			name = Release;
		};
/* End XCBuildConfiguration section */

/* Begin XCConfigurationList section */
		3F797A4F1BC2BF0A00AB7A63 /* Build configuration list for PBXProject "hommedicine_for_ipad" */ = {
			isa = XCConfigurationList;
			buildConfigurations = (
				3F797A821BC2BF0A00AB7A63 /* Debug */,
				3F797A831BC2BF0A00AB7A63 /* Release */,
			);
			defaultConfigurationIsVisible = 0;
			defaultConfigurationName = Release;
		};
		3F797A841BC2BF0A00AB7A63 /* Build configuration list for PBXNativeTarget "hommedicine_for_ipad" */ = {
			isa = XCConfigurationList;
			buildConfigurations = (
				3F797A851BC2BF0A00AB7A63 /* Debug */,
				3F797A861BC2BF0A00AB7A63 /* Release */,
			);
			defaultConfigurationIsVisible = 0;
			defaultConfigurationName = Release;
		};
		3F797A871BC2BF0A00AB7A63 /* Build configuration list for PBXNativeTarget "hommedicine_for_ipadTests" */ = {
			isa = XCConfigurationList;
			buildConfigurations = (
				3F797A881BC2BF0A00AB7A63 /* Debug */,
				3F797A891BC2BF0A00AB7A63 /* Release */,
			);
			defaultConfigurationIsVisible = 0;
			defaultConfigurationName = Release;
		};
		3F797A8A1BC2BF0A00AB7A63 /* Build configuration list for PBXNativeTarget "hommedicine_for_ipadUITests" */ = {
			isa = XCConfigurationList;
			buildConfigurations = (
				3F797A8B1BC2BF0A00AB7A63 /* Debug */,
				3F797A8C1BC2BF0A00AB7A63 /* Release */,
			);
			defaultConfigurationIsVisible = 0;
			defaultConfigurationName = Release;
		};
/* End XCConfigurationList section */

/* Begin XCVersionGroup section */
		3F797A631BC2BF0A00AB7A63 /* hommedicine_for_ipad.xcdatamodeld */ = {
			isa = XCVersionGroup;
			children = (
				3F797A641BC2BF0A00AB7A63 /* hommedicine_for_ipad.xcdatamodel */,
			);
			currentVersion = 3F797A641BC2BF0A00AB7A63 /* hommedicine_for_ipad.xcdatamodel */;
			path = hommedicine_for_ipad.xcdatamodeld;
			sourceTree = "<group>";
			versionGroupType = wrapper.xcdatamodel;
		};
/* End XCVersionGroup section */
	};
	rootObject = 3F797A4C1BC2BF0A00AB7A63 /* Project object */;
}
